
Microsoft Visual Studio Solution File, Format Version 12.00
# Visual Studio Version 17
VisualStudioVersion = 17.6.33829.357
MinimumVisualStudioVersion = 10.0.40219.1
Project("{FAE04EC0-301F-11D3-BF4B-00C04F79EFBC}") = "WebApplication3", "WebApplication3\WebApplication3.csproj", "{2334770E-FADF-46D2-AFA3-DE7454F2B646}"
EndProject
Global
	GlobalSection(SolutionConfigurationPlatforms) = preSolution
		Debug|Any CPU = Debug|Any CPU
		Release|Any CPU = Release|Any CPU
	EndGlobalSection
	GlobalSection(ProjectConfigurationPlatforms) = postSolution
		{2334770E-FADF-46D2-AFA3-DE7454F2B646}.Debug|Any CPU.ActiveCfg = Debug|Any CPU
		{2334770E-FADF-46D2-AFA3-DE7454F2B646}.Debug|Any CPU.Build.0 = Debug|Any CPU
		{2334770E-FADF-46D2-AFA3-DE7454F2B646}.Release|Any CPU.ActiveCfg = Release|Any CPU
		{2334770E-FADF-46D2-AFA3-DE7454F2B646}.Release|Any CPU.Build.0 = Release|Any CPU
	EndGlobalSection
	GlobalSection(SolutionProperties) = preSolution
		HideSolutionNode = FALSE
	EndGlobalSection
	GlobalSection(ExtensibilityGlobals) = postSolution
		SolutionGuid = {7E8179D3-C332-4571-A221-B7F1DB602C6D}
	EndGlobalSection
EndGlobal
